
Microsoft Visual Studio Solution File, Format Version 12.00
# Visual Studio Version 16
VisualStudioVersion = 16.0.30804.86
MinimumVisualStudioVersion = 10.0.40219.1
Project("{FAE04EC0-301F-11D3-BF4B-00C04F79EFBC}") = "LAB2.Android", "LAB2\LAB2.Android\LAB2.Android.csproj", "{81D5C0CA-A2A2-4C00-BAEC-A10917141CF1}"
EndProject
Project("{FAE04EC0-301F-11D3-BF4B-00C04F79EFBC}") = "LAB2.iOS", "LAB2\LAB2.iOS\LAB2.iOS.csproj", "{3C301A63-C0CC-4B8F-B4D7-42586E4B84B4}"
EndProject
Project("{FAE04EC0-301F-11D3-BF4B-00C04F79EFBC}") = "LAB2", "LAB2\LAB2\LAB2.csproj", "{A19A6F96-F8F5-4D37-A44B-3884EE4574B0}"
EndProject
Global
	GlobalSection(SolutionConfigurationPlatforms) = preSolution
		Debug|Any CPU = Debug|Any CPU
		Debug|iPhone = Debug|iPhone
		Debug|iPhoneSimulator = Debug|iPhoneSimulator
		Release|Any CPU = Release|Any CPU
		Release|iPhone = Release|iPhone
		Release|iPhoneSimulator = Release|iPhoneSimulator
	EndGlobalSection
	GlobalSection(ProjectConfigurationPlatforms) = postSolution
		{81D5C0CA-A2A2-4C00-BAEC-A10917141CF1}.Debug|Any CPU.ActiveCfg = Debug|Any CPU
		{81D5C0CA-A2A2-4C00-BAEC-A10917141CF1}.Debug|Any CPU.Build.0 = Debug|Any CPU
		{81D5C0CA-A2A2-4C00-BAEC-A10917141CF1}.Debug|Any CPU.Deploy.0 = Debug|Any CPU
		{81D5C0CA-A2A2-4C00-BAEC-A10917141CF1}.Debug|iPhone.ActiveCfg = Debug|Any CPU
		{81D5C0CA-A2A2-4C00-BAEC-A10917141CF1}.Debug|iPhone.Build.0 = Debug|Any CPU
		{81D5C0CA-A2A2-4C00-BAEC-A10917141CF1}.Debug|iPhone.Deploy.0 = Debug|Any CPU
		{81D5C0CA-A2A2-4C00-BAEC-A10917141CF1}.Debug|iPhoneSimulator.ActiveCfg = Debug|Any CPU
		{81D5C0CA-A2A2-4C00-BAEC-A10917141CF1}.Debug|iPhoneSimulator.Build.0 = Debug|Any CPU
		{81D5C0CA-A2A2-4C00-BAEC-A10917141CF1}.Debug|iPhoneSimulator.Deploy.0 = Debug|Any CPU
		{81D5C0CA-A2A2-4C00-BAEC-A10917141CF1}.Release|Any CPU.ActiveCfg = Release|Any CPU
		{81D5C0CA-A2A2-4C00-BAEC-A10917141CF1}.Release|Any CPU.Build.0 = Release|Any CPU
		{81D5C0CA-A2A2-4C00-BAEC-A10917141CF1}.Release|Any CPU.Deploy.0 = Release|Any CPU
		{81D5C0CA-A2A2-4C00-BAEC-A10917141CF1}.Release|iPhone.ActiveCfg = Release|Any CPU
		{81D5C0CA-A2A2-4C00-BAEC-A10917141CF1}.Release|iPhone.Build.0 = Release|Any CPU
		{81D5C0CA-A2A2-4C00-BAEC-A10917141CF1}.Release|iPhone.Deploy.0 = Release|Any CPU
		{81D5C0CA-A2A2-4C00-BAEC-A10917141CF1}.Release|iPhoneSimulator.ActiveCfg = Release|Any CPU
		{81D5C0CA-A2A2-4C00-BAEC-A10917141CF1}.Release|iPhoneSimulator.Build.0 = Release|Any CPU
		{81D5C0CA-A2A2-4C00-BAEC-A10917141CF1}.Release|iPhoneSimulator.Deploy.0 = Release|Any CPU
		{3C301A63-C0CC-4B8F-B4D7-42586E4B84B4}.Debug|Any CPU.ActiveCfg = Debug|iPhone
		{3C301A63-C0CC-4B8F-B4D7-42586E4B84B4}.Debug|Any CPU.Build.0 = Debug|iPhone
		{3C301A63-C0CC-4B8F-B4D7-42586E4B84B4}.Debug|Any CPU.Deploy.0 = Debug|iPhone
		{3C301A63-C0CC-4B8F-B4D7-42586E4B84B4}.Debug|iPhone.ActiveCfg = Debug|iPhone
		{3C301A63-C0CC-4B8F-B4D7-42586E4B84B4}.Debug|iPhone.Build.0 = Debug|iPhone
		{3C301A63-C0CC-4B8F-B4D7-42586E4B84B4}.Debug|iPhone.Deploy.0 = Debug|iPhone
		{3C301A63-C0CC-4B8F-B4D7-42586E4B84B4}.Debug|iPhoneSimulator.ActiveCfg = Debug|iPhoneSimulator
		{3C301A63-C0CC-4B8F-B4D7-42586E4B84B4}.Debug|iPhoneSimulator.Build.0 = Debug|iPhoneSimulator
		{3C301A63-C0CC-4B8F-B4D7-42586E4B84B4}.Debug|iPhoneSimulator.Deploy.0 = Debug|iPhoneSimulator
		{3C301A63-C0CC-4B8F-B4D7-42586E4B84B4}.Release|Any CPU.ActiveCfg = Release|iPhoneSimulator
		{3C301A63-C0CC-4B8F-B4D7-42586E4B84B4}.Release|Any CPU.Build.0 = Release|iPhoneSimulator
		{3C301A63-C0CC-4B8F-B4D7-42586E4B84B4}.Release|Any CPU.Deploy.0 = Release|iPhoneSimulator
		{3C301A63-C0CC-4B8F-B4D7-42586E4B84B4}.Release|iPhone.ActiveCfg = Release|iPhone
		{3C301A63-C0CC-4B8F-B4D7-42586E4B84B4}.Release|iPhone.Build.0 = Release|iPhone
		{3C301A63-C0CC-4B8F-B4D7-42586E4B84B4}.Release|iPhone.Deploy.0 = Release|iPhone
		{3C301A63-C0CC-4B8F-B4D7-42586E4B84B4}.Release|iPhoneSimulator.ActiveCfg = Release|iPhoneSimulator
		{3C301A63-C0CC-4B8F-B4D7-42586E4B84B4}.Release|iPhoneSimulator.Build.0 = Release|iPhoneSimulator
		{3C301A63-C0CC-4B8F-B4D7-42586E4B84B4}.Release|iPhoneSimulator.Deploy.0 = Release|iPhoneSimulator
		{A19A6F96-F8F5-4D37-A44B-3884EE4574B0}.Debug|Any CPU.ActiveCfg = Debug|Any CPU
		{A19A6F96-F8F5-4D37-A44B-3884EE4574B0}.Debug|Any CPU.Build.0 = Debug|Any CPU
		{A19A6F96-F8F5-4D37-A44B-3884EE4574B0}.Debug|Any CPU.Deploy.0 = Debug|Any CPU
		{A19A6F96-F8F5-4D37-A44B-3884EE4574B0}.Debug|iPhone.ActiveCfg = Debug|Any CPU
		{A19A6F96-F8F5-4D37-A44B-3884EE4574B0}.Debug|iPhone.Build.0 = Debug|Any CPU
		{A19A6F96-F8F5-4D37-A44B-3884EE4574B0}.Debug|iPhone.Deploy.0 = Debug|Any CPU
		{A19A6F96-F8F5-4D37-A44B-3884EE4574B0}.Debug|iPhoneSimulator.ActiveCfg = Debug|Any CPU
		{A19A6F96-F8F5-4D37-A44B-3884EE4574B0}.Debug|iPhoneSimulator.Build.0 = Debug|Any CPU
		{A19A6F96-F8F5-4D37-A44B-3884EE4574B0}.Debug|iPhoneSimulator.Deploy.0 = Debug|Any CPU
		{A19A6F96-F8F5-4D37-A44B-3884EE4574B0}.Release|Any CPU.ActiveCfg = Release|Any CPU
		{A19A6F96-F8F5-4D37-A44B-3884EE4574B0}.Release|Any CPU.Build.0 = Release|Any CPU
		{A19A6F96-F8F5-4D37-A44B-3884EE4574B0}.Release|Any CPU.Deploy.0 = Release|Any CPU
		{A19A6F96-F8F5-4D37-A44B-3884EE4574B0}.Release|iPhone.ActiveCfg = Release|Any CPU
		{A19A6F96-F8F5-4D37-A44B-3884EE4574B0}.Release|iPhone.Build.0 = Release|Any CPU
		{A19A6F96-F8F5-4D37-A44B-3884EE4574B0}.Release|iPhone.Deploy.0 = Release|Any CPU
		{A19A6F96-F8F5-4D37-A44B-3884EE4574B0}.Release|iPhoneSimulator.ActiveCfg = Release|Any CPU
		{A19A6F96-F8F5-4D37-A44B-3884EE4574B0}.Release|iPhoneSimulator.Build.0 = Release|Any CPU
		{A19A6F96-F8F5-4D37-A44B-3884EE4574B0}.Release|iPhoneSimulator.Deploy.0 = Release|Any CPU
	EndGlobalSection
	GlobalSection(SolutionProperties) = preSolution
		HideSolutionNode = FALSE
	EndGlobalSection
	GlobalSection(ExtensibilityGlobals) = postSolution
		SolutionGuid = {D4EBB554-E5D4-4494-A4D9-87AE21C250E3}
	EndGlobalSection
EndGlobal
